
Microsoft Visual Studio Solution File, Format Version 12.00
# Visual Studio Version 17
VisualStudioVersion = 17.6.33815.320
MinimumVisualStudioVersion = 10.0.40219.1
Project("{9A19103F-16F7-4668-BE54-9A1E7A4F7556}") = "OOP2421", "OOP2421\OOP2421.csproj", "{0937EBE7-DD08-4226-9584-AA1FE421BDF7}"
EndProject
Project("{9A19103F-16F7-4668-BE54-9A1E7A4F7556}") = "Lesson1", "Lesson1\Lesson1.csproj", "{296B54AE-0D09-4337-8210-C6FBD06A1C33}"
EndProject
Project("{9A19103F-16F7-4668-BE54-9A1E7A4F7556}") = "Lesson2 - Сортировка", "Lesson2\Lesson2 - Сортировка.csproj", "{726E5EDB-EB57-458F-8B36-6177B607128F}"
EndProject
Project("{9A19103F-16F7-4668-BE54-9A1E7A4F7556}") = "OutFileManadger", "OutFileManadger\OutFileManadger.csproj", "{FE0DC9C9-743C-4E78-9C85-F4FE79D81F45}"
EndProject
Project("{9A19103F-16F7-4668-BE54-9A1E7A4F7556}") = "Lesson3", "Lesson3\Lesson3.csproj", "{9B9E1BB6-FBFA-4413-8217-B48B88A2B99B}"
EndProject
Project("{9A19103F-16F7-4668-BE54-9A1E7A4F7556}") = "Lesson4", "Lesson4\Lesson4.csproj", "{BB05ABA4-3CFC-468B-8061-97E1846C2834}"
EndProject
Project("{9A19103F-16F7-4668-BE54-9A1E7A4F7556}") = "Lesson5", "Lesson5\Lesson5.csproj", "{BC506154-ECFE-44FA-95B5-B78ED262BEE0}"
EndProject
Project("{9A19103F-16F7-4668-BE54-9A1E7A4F7556}") = "Lesson5-2", "Lesson5-2\Lesson5-2.csproj", "{715338DA-3B2D-4E42-8331-691876F612AC}"
EndProject
Project("{9A19103F-16F7-4668-BE54-9A1E7A4F7556}") = "Lesson5-3", "Lesson5-3\Lesson5-3.csproj", "{FD9BA14A-E075-4B20-A325-89D530F80CDB}"
EndProject
Project("{9A19103F-16F7-4668-BE54-9A1E7A4F7556}") = "Lesson5-4", "Lesson5-4\Lesson5-4.csproj", "{428F7B77-2CAE-402D-A135-4A548815EAE4}"
EndProject
Project("{9A19103F-16F7-4668-BE54-9A1E7A4F7556}") = "Lesson6", "Lesson6\Lesson6.csproj", "{8F13C945-7D55-413D-BED1-7B8F8E334111}"
EndProject
Project("{9A19103F-16F7-4668-BE54-9A1E7A4F7556}") = "Lesson6-1", "Lesson6-1\Lesson6-1.csproj", "{9B2477C2-31A2-4690-982B-8705D0BA5AD8}"
EndProject
Project("{9A19103F-16F7-4668-BE54-9A1E7A4F7556}") = "Lesson7", "Lesson7\Lesson7.csproj", "{82445AC8-BFC8-492E-A363-327FEE06B6B5}"
EndProject
Project("{9A19103F-16F7-4668-BE54-9A1E7A4F7556}") = "Test - виртуализация", "Test\Test - виртуализация.csproj", "{91932638-5FC9-4E1A-9C2D-030023B3438B}"
EndProject
Project("{9A19103F-16F7-4668-BE54-9A1E7A4F7556}") = "Test2", "Test2\Test2.csproj", "{57DC8AC7-1ABD-434B-ABA5-67DA8FF0C518}"
EndProject
Project("{9A19103F-16F7-4668-BE54-9A1E7A4F7556}") = "Lesson8", "Lesson8\Lesson8.csproj", "{4747D854-A23E-4EB2-A66E-09C95D6FFC5E}"
EndProject
Project("{9A19103F-16F7-4668-BE54-9A1E7A4F7556}") = "Test3 - наследование индексаторов", "Test3\Test3 - наследование индексаторов.csproj", "{81CBE4AC-4F54-4A17-8DB9-40551754828B}"
EndProject
Project("{9A19103F-16F7-4668-BE54-9A1E7A4F7556}") = "Lesson9", "Lesson9\Lesson9.csproj", "{B633E6E9-70E1-4FB5-A7F5-275D2D0F51DB}"
EndProject
Project("{9A19103F-16F7-4668-BE54-9A1E7A4F7556}") = "Lesson10.1", "Lesson10.1\Lesson10.1.csproj", "{FAB697E8-4FFC-4250-BFE0-9DDBCD90889A}"
EndProject
Project("{9A19103F-16F7-4668-BE54-9A1E7A4F7556}") = "Animal", "Animal\Animal.csproj", "{06C10D6D-C636-48C3-A68B-518B46BE86D3}"
EndProject
Project("{9A19103F-16F7-4668-BE54-9A1E7A4F7556}") = "Lesson 11 Box UnBox", "Lesson 11 Box UnBox\Lesson 11 Box UnBox.csproj", "{98E0799E-6DFC-498F-9498-F9B4F247A92E}"
EndProject
Project("{9A19103F-16F7-4668-BE54-9A1E7A4F7556}") = "Lesson11.1", "Lesson11.1\Lesson11.1.csproj", "{B80E54F3-BC28-41CE-93DE-0E10DF8443DD}"
EndProject
Project("{9A19103F-16F7-4668-BE54-9A1E7A4F7556}") = "Test4", "Test4\Test4.csproj", "{7EBBAB2E-69CB-49F3-9586-0CBB6AE34188}"
EndProject
Project("{9A19103F-16F7-4668-BE54-9A1E7A4F7556}") = "Lesson12", "Lesson12\Lesson12.csproj", "{C95A7884-09A6-4033-B929-2FF8B459EF6D}"
EndProject
Project("{9A19103F-16F7-4668-BE54-9A1E7A4F7556}") = "Lesson12.1 - интерфейс ITask", "Lesson12.1\Lesson12.1 - интерфейс ITask.csproj", "{FBBB3410-1266-4DB5-A97F-494CEFEE6D20}"
EndProject
Project("{9A19103F-16F7-4668-BE54-9A1E7A4F7556}") = "Lesson12.2 - интерфейс IComparer", "Lesson12.2\Lesson12.2 - интерфейс IComparer.csproj", "{16A8B05A-BE99-44AF-9161-D0687BFB2631}"
EndProject
Project("{9A19103F-16F7-4668-BE54-9A1E7A4F7556}") = "Lesson13", "Lesson13\Lesson13.csproj", "{839ED84D-7632-40E6-AB9B-35A113AE71B2}"
EndProject
Project("{9A19103F-16F7-4668-BE54-9A1E7A4F7556}") = "Lesson13.1", "Lesson13.1\Lesson13.1.csproj", "{889D7A23-F0DA-47C9-8A71-61A932811E20}"
EndProject
Project("{9A19103F-16F7-4668-BE54-9A1E7A4F7556}") = "Lesson13.2", "Lesson13.2\Lesson13.2.csproj", "{3ACEBC10-C92A-43F3-BB90-9C7C55E30F83}"
EndProject
Project("{9A19103F-16F7-4668-BE54-9A1E7A4F7556}") = "Lesson14.1 - ананимные делгаты, лямбда делегаты", "Lesson14.1 - ананимные делгаты, лямбда делегаты\Lesson14.1 - ананимные делгаты, лямбда делегаты.csproj", "{08B9B63D-9C0F-4366-BBD2-2B1382D87EBB}"
EndProject
Project("{9A19103F-16F7-4668-BE54-9A1E7A4F7556}") = "Lesson 14.2", "Lesson 14.2\Lesson 14.2.csproj", "{C4B6D914-0D88-4605-810D-371236254410}"
EndProject
Project("{9A19103F-16F7-4668-BE54-9A1E7A4F7556}") = "Lesson14.3", "Lesson14.3\Lesson14.3.csproj", "{DF9E5040-D73B-46A2-AC40-53E94C4AA556}"
EndProject
Project("{9A19103F-16F7-4668-BE54-9A1E7A4F7556}") = "Lesson15 - события", "Lesson15 - события\Lesson15 - события.csproj", "{91152B4F-F696-4B5F-9507-3EC3D76F8D1F}"
EndProject
Project("{9A19103F-16F7-4668-BE54-9A1E7A4F7556}") = "Lesson15.1 - события", "Lesson15.1 - события\Lesson15.1 - события.csproj", "{C4F481BB-E0DE-45E4-A45E-3887D63EC805}"
EndProject
Project("{9A19103F-16F7-4668-BE54-9A1E7A4F7556}") = "Test 5 - обытия", "Test 5 - обытия\Test 5 - обытия.csproj", "{0539B2BB-D5EF-4FB1-AAFE-71110991877F}"
EndProject
Project("{9A19103F-16F7-4668-BE54-9A1E7A4F7556}") = "Lesson16", "Lesson16\Lesson16.csproj", "{7AEAA9DD-DE97-472A-A1E3-D5FCAB03B2D7}"
EndProject
Project("{9A19103F-16F7-4668-BE54-9A1E7A4F7556}") = "Lesson15.2", "Lesson15.2\Lesson15.2.csproj", "{C6C5F20A-2148-4622-A654-36E0DAA22467}"
EndProject
Project("{9A19103F-16F7-4668-BE54-9A1E7A4F7556}") = "Lesson17 - Рег и Аут", "Lesson17\Lesson17 - Рег и Аут.csproj", "{8E05BA8F-5293-4BBB-98CB-2E014F63C722}"
EndProject
Project("{9A19103F-16F7-4668-BE54-9A1E7A4F7556}") = "Lesson18", "Lesson18\Lesson18.csproj", "{D4D81F0A-6B02-410D-BE40-ADD8A76314AA}"
EndProject
Project("{9A19103F-16F7-4668-BE54-9A1E7A4F7556}") = "Lesson18.1", "Lesson18.1\Lesson18.1.csproj", "{2E5B6FF7-ECE1-48B8-B138-65C2A76C760C}"
EndProject
Project("{9A19103F-16F7-4668-BE54-9A1E7A4F7556}") = "Lesson18.3 - практика", "Lesson18.3 - практика\Lesson18.3 - практика.csproj", "{BA4CBAE3-9C17-445C-A043-4EAC0EE6F627}"
EndProject
Project("{9A19103F-16F7-4668-BE54-9A1E7A4F7556}") = "Test6", "Test6\Test6.csproj", "{E518C489-A14F-4216-BB9B-51D04CBB3030}"
EndProject
Project("{9A19103F-16F7-4668-BE54-9A1E7A4F7556}") = "Lesson19", "Lesson19\Lesson19.csproj", "{AC95E40B-27EA-4CAA-83A5-CB1EC3193598}"
EndProject
Project("{9A19103F-16F7-4668-BE54-9A1E7A4F7556}") = "Lesson19.1", "Lesson19.1\Lesson19.1.csproj", "{5D725C6C-D152-4EF4-8BEB-331CDC79CD05}"
EndProject
Project("{9A19103F-16F7-4668-BE54-9A1E7A4F7556}") = "Lesson19.2", "Lesson19.2\Lesson19.2.csproj", "{06F997C4-AE40-48C9-AC3C-8C4DE406C564}"
EndProject
Project("{9A19103F-16F7-4668-BE54-9A1E7A4F7556}") = "Lesson20", "Lesson20\Lesson20.csproj", "{B6C34E54-DD3A-48D2-AA0C-9D11E66FDE5E}"
EndProject
Project("{9A19103F-16F7-4668-BE54-9A1E7A4F7556}") = "Lesson20.1", "Lesson20.1\Lesson20.1.csproj", "{B769373C-3D48-41F1-AA96-E949152AC5D8}"
EndProject
Project("{9A19103F-16F7-4668-BE54-9A1E7A4F7556}") = "Lesson21", "Lesson21\Lesson21.csproj", "{D13589BE-1046-4F0A-AF63-D99E1DF50CD0}"
EndProject
Project("{9A19103F-16F7-4668-BE54-9A1E7A4F7556}") = "Lesson21.2", "Lesson21.2\Lesson21.2.csproj", "{305FC81A-7060-4882-93A0-DB1D563D966A}"
EndProject
Project("{9A19103F-16F7-4668-BE54-9A1E7A4F7556}") = "Lesson23", "Lesson23\Lesson23.csproj", "{AA9FF65F-2264-4241-AC1E-859DF3B2C865}"
EndProject
Project("{9A19103F-16F7-4668-BE54-9A1E7A4F7556}") = "Lesson23.1", "Lesson23.1\Lesson23.1.csproj", "{839A89E4-1580-4405-B520-75F7E921D0D7}"
EndProject
Project("{9A19103F-16F7-4668-BE54-9A1E7A4F7556}") = "Lesson23.2", "Lesson23.2\Lesson23.2.csproj", "{ACDB0D40-734B-4162-8264-3E78799BEEBD}"
EndProject
Project("{9A19103F-16F7-4668-BE54-9A1E7A4F7556}") = "Lesson24", "Lesson24\Lesson24.csproj", "{13E3E8E4-44AC-4F85-A620-868091D20174}"
EndProject
Project("{9A19103F-16F7-4668-BE54-9A1E7A4F7556}") = "Lesson24.1", "Lesson24.1\Lesson24.1.csproj", "{C6935530-3D17-41E2-A7D6-C71711AFA729}"
EndProject
Project("{9A19103F-16F7-4668-BE54-9A1E7A4F7556}") = "Test7", "Test7\Test7.csproj", "{B50621D7-E201-465F-86EA-6D6151DCCA50}"
EndProject
Project("{9A19103F-16F7-4668-BE54-9A1E7A4F7556}") = "Lesson25 - CSV", "Lesson25\Lesson25 - CSV.csproj", "{D297DA91-499C-43DA-A6D4-CC757239F4C4}"
EndProject
Project("{9A19103F-16F7-4668-BE54-9A1E7A4F7556}") = "Lesson25.1", "Lesson25.1\Lesson25.1.csproj", "{F4749F9F-8BFD-4AA8-9552-085F6039F3DE}"
EndProject
Project("{9A19103F-16F7-4668-BE54-9A1E7A4F7556}") = "Lesson25.2", "Lesson25.2\Lesson25.2.csproj", "{696DE67E-BBBC-4BB3-AEB3-41EE631EBD2C}"
EndProject
Project("{9A19103F-16F7-4668-BE54-9A1E7A4F7556}") = "Lesson26.1", "Lesson26.1\Lesson26.1.csproj", "{8DE76CB7-107F-4E02-ABEE-4E61C499E117}"
EndProject
Project("{9A19103F-16F7-4668-BE54-9A1E7A4F7556}") = "Lesson27.1", "Lesson27.1\Lesson27.1.csproj", "{1C8AF6CE-E553-445C-8D21-0E87F54C9393}"
EndProject
Project("{9A19103F-16F7-4668-BE54-9A1E7A4F7556}") = "Lesson27.2", "Lesson27.2\Lesson27.2.csproj", "{8DC0841C-7742-46C0-AE99-C40721E41C3A}"
EndProject
Project("{9A19103F-16F7-4668-BE54-9A1E7A4F7556}") = "Lesson28.1", "Lesson28.1\Lesson28.1.csproj", "{C7DD17C3-59CE-42DA-B6AC-1B7EB1FE8822}"
EndProject
Project("{9A19103F-16F7-4668-BE54-9A1E7A4F7556}") = "Test8", "Test8\Test8.csproj", "{FA7D37DE-B6E1-4897-BFF9-84F188ECA603}"
EndProject
Project("{9A19103F-16F7-4668-BE54-9A1E7A4F7556}") = "Lesson29.1 TovNak", "Lesson29.1 TovNak\Lesson29.1 TovNak.csproj", "{83C62979-27F5-491D-84A9-FC02BE259ED1}"
EndProject
Project("{9A19103F-16F7-4668-BE54-9A1E7A4F7556}") = "Lesson30", "Lesson30\Lesson30.csproj", "{CBC55857-EDF4-4210-98D0-FC27D25019D5}"
EndProject
Project("{9A19103F-16F7-4668-BE54-9A1E7A4F7556}") = "Lisson31", "Lisson31\Lisson31.csproj", "{13CCCA05-4194-4781-B484-6A0C08F5662E}"
EndProject
Project("{FAE04EC0-301F-11D3-BF4B-00C04F79EFBC}") = "Lesson35", "Lesson35\Lesson35.csproj", "{653824AA-72CC-4D16-82D7-AB04317B0C54}"
EndProject
Project("{FAE04EC0-301F-11D3-BF4B-00C04F79EFBC}") = "Lesson40", "Lesson40\Lesson40.csproj", "{105AAD64-6810-497A-8632-47C28F77B227}"
EndProject
Global
	GlobalSection(SolutionConfigurationPlatforms) = preSolution
		Debug|Any CPU = Debug|Any CPU
		Release|Any CPU = Release|Any CPU
	EndGlobalSection
	GlobalSection(ProjectConfigurationPlatforms) = postSolution
		{0937EBE7-DD08-4226-9584-AA1FE421BDF7}.Debug|Any CPU.ActiveCfg = Debug|Any CPU
		{0937EBE7-DD08-4226-9584-AA1FE421BDF7}.Debug|Any CPU.Build.0 = Debug|Any CPU
		{0937EBE7-DD08-4226-9584-AA1FE421BDF7}.Release|Any CPU.ActiveCfg = Release|Any CPU
		{0937EBE7-DD08-4226-9584-AA1FE421BDF7}.Release|Any CPU.Build.0 = Release|Any CPU
		{296B54AE-0D09-4337-8210-C6FBD06A1C33}.Debug|Any CPU.ActiveCfg = Debug|Any CPU
		{296B54AE-0D09-4337-8210-C6FBD06A1C33}.Debug|Any CPU.Build.0 = Debug|Any CPU
		{296B54AE-0D09-4337-8210-C6FBD06A1C33}.Release|Any CPU.ActiveCfg = Release|Any CPU
		{296B54AE-0D09-4337-8210-C6FBD06A1C33}.Release|Any CPU.Build.0 = Release|Any CPU
		{726E5EDB-EB57-458F-8B36-6177B607128F}.Debug|Any CPU.ActiveCfg = Debug|Any CPU
		{726E5EDB-EB57-458F-8B36-6177B607128F}.Debug|Any CPU.Build.0 = Debug|Any CPU
		{726E5EDB-EB57-458F-8B36-6177B607128F}.Release|Any CPU.ActiveCfg = Release|Any CPU
		{726E5EDB-EB57-458F-8B36-6177B607128F}.Release|Any CPU.Build.0 = Release|Any CPU
		{FE0DC9C9-743C-4E78-9C85-F4FE79D81F45}.Debug|Any CPU.ActiveCfg = Debug|Any CPU
		{FE0DC9C9-743C-4E78-9C85-F4FE79D81F45}.Debug|Any CPU.Build.0 = Debug|Any CPU
		{FE0DC9C9-743C-4E78-9C85-F4FE79D81F45}.Release|Any CPU.ActiveCfg = Release|Any CPU
		{FE0DC9C9-743C-4E78-9C85-F4FE79D81F45}.Release|Any CPU.Build.0 = Release|Any CPU
		{9B9E1BB6-FBFA-4413-8217-B48B88A2B99B}.Debug|Any CPU.ActiveCfg = Debug|Any CPU
		{9B9E1BB6-FBFA-4413-8217-B48B88A2B99B}.Debug|Any CPU.Build.0 = Debug|Any CPU
		{9B9E1BB6-FBFA-4413-8217-B48B88A2B99B}.Release|Any CPU.ActiveCfg = Release|Any CPU
		{9B9E1BB6-FBFA-4413-8217-B48B88A2B99B}.Release|Any CPU.Build.0 = Release|Any CPU
		{BB05ABA4-3CFC-468B-8061-97E1846C2834}.Debug|Any CPU.ActiveCfg = Debug|Any CPU
		{BB05ABA4-3CFC-468B-8061-97E1846C2834}.Debug|Any CPU.Build.0 = Debug|Any CPU
		{BB05ABA4-3CFC-468B-8061-97E1846C2834}.Release|Any CPU.ActiveCfg = Release|Any CPU
		{BB05ABA4-3CFC-468B-8061-97E1846C2834}.Release|Any CPU.Build.0 = Release|Any CPU
		{BC506154-ECFE-44FA-95B5-B78ED262BEE0}.Debug|Any CPU.ActiveCfg = Debug|Any CPU
		{BC506154-ECFE-44FA-95B5-B78ED262BEE0}.Debug|Any CPU.Build.0 = Debug|Any CPU
		{BC506154-ECFE-44FA-95B5-B78ED262BEE0}.Release|Any CPU.ActiveCfg = Release|Any CPU
		{BC506154-ECFE-44FA-95B5-B78ED262BEE0}.Release|Any CPU.Build.0 = Release|Any CPU
		{715338DA-3B2D-4E42-8331-691876F612AC}.Debug|Any CPU.ActiveCfg = Debug|Any CPU
		{715338DA-3B2D-4E42-8331-691876F612AC}.Debug|Any CPU.Build.0 = Debug|Any CPU
		{715338DA-3B2D-4E42-8331-691876F612AC}.Release|Any CPU.ActiveCfg = Release|Any CPU
		{715338DA-3B2D-4E42-8331-691876F612AC}.Release|Any CPU.Build.0 = Release|Any CPU
		{FD9BA14A-E075-4B20-A325-89D530F80CDB}.Debug|Any CPU.ActiveCfg = Debug|Any CPU
		{FD9BA14A-E075-4B20-A325-89D530F80CDB}.Debug|Any CPU.Build.0 = Debug|Any CPU
		{FD9BA14A-E075-4B20-A325-89D530F80CDB}.Release|Any CPU.ActiveCfg = Release|Any CPU
		{FD9BA14A-E075-4B20-A325-89D530F80CDB}.Release|Any CPU.Build.0 = Release|Any CPU
		{428F7B77-2CAE-402D-A135-4A548815EAE4}.Debug|Any CPU.ActiveCfg = Debug|Any CPU
		{428F7B77-2CAE-402D-A135-4A548815EAE4}.Debug|Any CPU.Build.0 = Debug|Any CPU
		{428F7B77-2CAE-402D-A135-4A548815EAE4}.Release|Any CPU.ActiveCfg = Release|Any CPU
		{428F7B77-2CAE-402D-A135-4A548815EAE4}.Release|Any CPU.Build.0 = Release|Any CPU
		{8F13C945-7D55-413D-BED1-7B8F8E334111}.Debug|Any CPU.ActiveCfg = Debug|Any CPU
		{8F13C945-7D55-413D-BED1-7B8F8E334111}.Debug|Any CPU.Build.0 = Debug|Any CPU
		{8F13C945-7D55-413D-BED1-7B8F8E334111}.Release|Any CPU.ActiveCfg = Release|Any CPU
		{8F13C945-7D55-413D-BED1-7B8F8E334111}.Release|Any CPU.Build.0 = Release|Any CPU
		{9B2477C2-31A2-4690-982B-8705D0BA5AD8}.Debug|Any CPU.ActiveCfg = Debug|Any CPU
		{9B2477C2-31A2-4690-982B-8705D0BA5AD8}.Debug|Any CPU.Build.0 = Debug|Any CPU
		{9B2477C2-31A2-4690-982B-8705D0BA5AD8}.Release|Any CPU.ActiveCfg = Release|Any CPU
		{9B2477C2-31A2-4690-982B-8705D0BA5AD8}.Release|Any CPU.Build.0 = Release|Any CPU
		{82445AC8-BFC8-492E-A363-327FEE06B6B5}.Debug|Any CPU.ActiveCfg = Debug|Any CPU
		{82445AC8-BFC8-492E-A363-327FEE06B6B5}.Debug|Any CPU.Build.0 = Debug|Any CPU
		{82445AC8-BFC8-492E-A363-327FEE06B6B5}.Release|Any CPU.ActiveCfg = Release|Any CPU
		{82445AC8-BFC8-492E-A363-327FEE06B6B5}.Release|Any CPU.Build.0 = Release|Any CPU
		{91932638-5FC9-4E1A-9C2D-030023B3438B}.Debug|Any CPU.ActiveCfg = Debug|Any CPU
		{91932638-5FC9-4E1A-9C2D-030023B3438B}.Debug|Any CPU.Build.0 = Debug|Any CPU
		{91932638-5FC9-4E1A-9C2D-030023B3438B}.Release|Any CPU.ActiveCfg = Release|Any CPU
		{91932638-5FC9-4E1A-9C2D-030023B3438B}.Release|Any CPU.Build.0 = Release|Any CPU
		{57DC8AC7-1ABD-434B-ABA5-67DA8FF0C518}.Debug|Any CPU.ActiveCfg = Debug|Any CPU
		{57DC8AC7-1ABD-434B-ABA5-67DA8FF0C518}.Debug|Any CPU.Build.0 = Debug|Any CPU
		{57DC8AC7-1ABD-434B-ABA5-67DA8FF0C518}.Release|Any CPU.ActiveCfg = Release|Any CPU
		{57DC8AC7-1ABD-434B-ABA5-67DA8FF0C518}.Release|Any CPU.Build.0 = Release|Any CPU
		{4747D854-A23E-4EB2-A66E-09C95D6FFC5E}.Debug|Any CPU.ActiveCfg = Debug|Any CPU
		{4747D854-A23E-4EB2-A66E-09C95D6FFC5E}.Debug|Any CPU.Build.0 = Debug|Any CPU
		{4747D854-A23E-4EB2-A66E-09C95D6FFC5E}.Release|Any CPU.ActiveCfg = Release|Any CPU
		{4747D854-A23E-4EB2-A66E-09C95D6FFC5E}.Release|Any CPU.Build.0 = Release|Any CPU
		{81CBE4AC-4F54-4A17-8DB9-40551754828B}.Debug|Any CPU.ActiveCfg = Debug|Any CPU
		{81CBE4AC-4F54-4A17-8DB9-40551754828B}.Debug|Any CPU.Build.0 = Debug|Any CPU
		{81CBE4AC-4F54-4A17-8DB9-40551754828B}.Release|Any CPU.ActiveCfg = Release|Any CPU
		{81CBE4AC-4F54-4A17-8DB9-40551754828B}.Release|Any CPU.Build.0 = Release|Any CPU
		{B633E6E9-70E1-4FB5-A7F5-275D2D0F51DB}.Debug|Any CPU.ActiveCfg = Debug|Any CPU
		{B633E6E9-70E1-4FB5-A7F5-275D2D0F51DB}.Debug|Any CPU.Build.0 = Debug|Any CPU
		{B633E6E9-70E1-4FB5-A7F5-275D2D0F51DB}.Release|Any CPU.ActiveCfg = Release|Any CPU
		{B633E6E9-70E1-4FB5-A7F5-275D2D0F51DB}.Release|Any CPU.Build.0 = Release|Any CPU
		{FAB697E8-4FFC-4250-BFE0-9DDBCD90889A}.Debug|Any CPU.ActiveCfg = Debug|Any CPU
		{FAB697E8-4FFC-4250-BFE0-9DDBCD90889A}.Debug|Any CPU.Build.0 = Debug|Any CPU
		{FAB697E8-4FFC-4250-BFE0-9DDBCD90889A}.Release|Any CPU.ActiveCfg = Release|Any CPU
		{FAB697E8-4FFC-4250-BFE0-9DDBCD90889A}.Release|Any CPU.Build.0 = Release|Any CPU
		{06C10D6D-C636-48C3-A68B-518B46BE86D3}.Debug|Any CPU.ActiveCfg = Debug|Any CPU
		{06C10D6D-C636-48C3-A68B-518B46BE86D3}.Debug|Any CPU.Build.0 = Debug|Any CPU
		{06C10D6D-C636-48C3-A68B-518B46BE86D3}.Release|Any CPU.ActiveCfg = Release|Any CPU
		{06C10D6D-C636-48C3-A68B-518B46BE86D3}.Release|Any CPU.Build.0 = Release|Any CPU
		{98E0799E-6DFC-498F-9498-F9B4F247A92E}.Debug|Any CPU.ActiveCfg = Debug|Any CPU
		{98E0799E-6DFC-498F-9498-F9B4F247A92E}.Debug|Any CPU.Build.0 = Debug|Any CPU
		{98E0799E-6DFC-498F-9498-F9B4F247A92E}.Release|Any CPU.ActiveCfg = Release|Any CPU
		{98E0799E-6DFC-498F-9498-F9B4F247A92E}.Release|Any CPU.Build.0 = Release|Any CPU
		{B80E54F3-BC28-41CE-93DE-0E10DF8443DD}.Debug|Any CPU.ActiveCfg = Debug|Any CPU
		{B80E54F3-BC28-41CE-93DE-0E10DF8443DD}.Debug|Any CPU.Build.0 = Debug|Any CPU
		{B80E54F3-BC28-41CE-93DE-0E10DF8443DD}.Release|Any CPU.ActiveCfg = Release|Any CPU
		{B80E54F3-BC28-41CE-93DE-0E10DF8443DD}.Release|Any CPU.Build.0 = Release|Any CPU
		{7EBBAB2E-69CB-49F3-9586-0CBB6AE34188}.Debug|Any CPU.ActiveCfg = Debug|Any CPU
		{7EBBAB2E-69CB-49F3-9586-0CBB6AE34188}.Debug|Any CPU.Build.0 = Debug|Any CPU
		{7EBBAB2E-69CB-49F3-9586-0CBB6AE34188}.Release|Any CPU.ActiveCfg = Release|Any CPU
		{7EBBAB2E-69CB-49F3-9586-0CBB6AE34188}.Release|Any CPU.Build.0 = Release|Any CPU
		{C95A7884-09A6-4033-B929-2FF8B459EF6D}.Debug|Any CPU.ActiveCfg = Debug|Any CPU
		{C95A7884-09A6-4033-B929-2FF8B459EF6D}.Debug|Any CPU.Build.0 = Debug|Any CPU
		{C95A7884-09A6-4033-B929-2FF8B459EF6D}.Release|Any CPU.ActiveCfg = Release|Any CPU
		{C95A7884-09A6-4033-B929-2FF8B459EF6D}.Release|Any CPU.Build.0 = Release|Any CPU
		{FBBB3410-1266-4DB5-A97F-494CEFEE6D20}.Debug|Any CPU.ActiveCfg = Debug|Any CPU
		{FBBB3410-1266-4DB5-A97F-494CEFEE6D20}.Debug|Any CPU.Build.0 = Debug|Any CPU
		{FBBB3410-1266-4DB5-A97F-494CEFEE6D20}.Release|Any CPU.ActiveCfg = Release|Any CPU
		{FBBB3410-1266-4DB5-A97F-494CEFEE6D20}.Release|Any CPU.Build.0 = Release|Any CPU
		{16A8B05A-BE99-44AF-9161-D0687BFB2631}.Debug|Any CPU.ActiveCfg = Debug|Any CPU
		{16A8B05A-BE99-44AF-9161-D0687BFB2631}.Debug|Any CPU.Build.0 = Debug|Any CPU
		{16A8B05A-BE99-44AF-9161-D0687BFB2631}.Release|Any CPU.ActiveCfg = Release|Any CPU
		{16A8B05A-BE99-44AF-9161-D0687BFB2631}.Release|Any CPU.Build.0 = Release|Any CPU
		{839ED84D-7632-40E6-AB9B-35A113AE71B2}.Debug|Any CPU.ActiveCfg = Debug|Any CPU
		{839ED84D-7632-40E6-AB9B-35A113AE71B2}.Debug|Any CPU.Build.0 = Debug|Any CPU
		{839ED84D-7632-40E6-AB9B-35A113AE71B2}.Release|Any CPU.ActiveCfg = Release|Any CPU
		{839ED84D-7632-40E6-AB9B-35A113AE71B2}.Release|Any CPU.Build.0 = Release|Any CPU
		{889D7A23-F0DA-47C9-8A71-61A932811E20}.Debug|Any CPU.ActiveCfg = Debug|Any CPU
		{889D7A23-F0DA-47C9-8A71-61A932811E20}.Debug|Any CPU.Build.0 = Debug|Any CPU
		{889D7A23-F0DA-47C9-8A71-61A932811E20}.Release|Any CPU.ActiveCfg = Release|Any CPU
		{889D7A23-F0DA-47C9-8A71-61A932811E20}.Release|Any CPU.Build.0 = Release|Any CPU
		{3ACEBC10-C92A-43F3-BB90-9C7C55E30F83}.Debug|Any CPU.ActiveCfg = Debug|Any CPU
		{3ACEBC10-C92A-43F3-BB90-9C7C55E30F83}.Debug|Any CPU.Build.0 = Debug|Any CPU
		{3ACEBC10-C92A-43F3-BB90-9C7C55E30F83}.Release|Any CPU.ActiveCfg = Release|Any CPU
		{3ACEBC10-C92A-43F3-BB90-9C7C55E30F83}.Release|Any CPU.Build.0 = Release|Any CPU
		{08B9B63D-9C0F-4366-BBD2-2B1382D87EBB}.Debug|Any CPU.ActiveCfg = Debug|Any CPU
		{08B9B63D-9C0F-4366-BBD2-2B1382D87EBB}.Debug|Any CPU.Build.0 = Debug|Any CPU
		{08B9B63D-9C0F-4366-BBD2-2B1382D87EBB}.Release|Any CPU.ActiveCfg = Release|Any CPU
		{08B9B63D-9C0F-4366-BBD2-2B1382D87EBB}.Release|Any CPU.Build.0 = Release|Any CPU
		{C4B6D914-0D88-4605-810D-371236254410}.Debug|Any CPU.ActiveCfg = Debug|Any CPU
		{C4B6D914-0D88-4605-810D-371236254410}.Debug|Any CPU.Build.0 = Debug|Any CPU
		{C4B6D914-0D88-4605-810D-371236254410}.Release|Any CPU.ActiveCfg = Release|Any CPU
		{C4B6D914-0D88-4605-810D-371236254410}.Release|Any CPU.Build.0 = Release|Any CPU
		{DF9E5040-D73B-46A2-AC40-53E94C4AA556}.Debug|Any CPU.ActiveCfg = Debug|Any CPU
		{DF9E5040-D73B-46A2-AC40-53E94C4AA556}.Debug|Any CPU.Build.0 = Debug|Any CPU
		{DF9E5040-D73B-46A2-AC40-53E94C4AA556}.Release|Any CPU.ActiveCfg = Release|Any CPU
		{DF9E5040-D73B-46A2-AC40-53E94C4AA556}.Release|Any CPU.Build.0 = Release|Any CPU
		{91152B4F-F696-4B5F-9507-3EC3D76F8D1F}.Debug|Any CPU.ActiveCfg = Debug|Any CPU
		{91152B4F-F696-4B5F-9507-3EC3D76F8D1F}.Debug|Any CPU.Build.0 = Debug|Any CPU
		{91152B4F-F696-4B5F-9507-3EC3D76F8D1F}.Release|Any CPU.ActiveCfg = Release|Any CPU
		{91152B4F-F696-4B5F-9507-3EC3D76F8D1F}.Release|Any CPU.Build.0 = Release|Any CPU
		{C4F481BB-E0DE-45E4-A45E-3887D63EC805}.Debug|Any CPU.ActiveCfg = Debug|Any CPU
		{C4F481BB-E0DE-45E4-A45E-3887D63EC805}.Debug|Any CPU.Build.0 = Debug|Any CPU
		{C4F481BB-E0DE-45E4-A45E-3887D63EC805}.Release|Any CPU.ActiveCfg = Release|Any CPU
		{C4F481BB-E0DE-45E4-A45E-3887D63EC805}.Release|Any CPU.Build.0 = Release|Any CPU
		{0539B2BB-D5EF-4FB1-AAFE-71110991877F}.Debug|Any CPU.ActiveCfg = Debug|Any CPU
		{0539B2BB-D5EF-4FB1-AAFE-71110991877F}.Debug|Any CPU.Build.0 = Debug|Any CPU
		{0539B2BB-D5EF-4FB1-AAFE-71110991877F}.Release|Any CPU.ActiveCfg = Release|Any CPU
		{0539B2BB-D5EF-4FB1-AAFE-71110991877F}.Release|Any CPU.Build.0 = Release|Any CPU
		{7AEAA9DD-DE97-472A-A1E3-D5FCAB03B2D7}.Debug|Any CPU.ActiveCfg = Debug|Any CPU
		{7AEAA9DD-DE97-472A-A1E3-D5FCAB03B2D7}.Debug|Any CPU.Build.0 = Debug|Any CPU
		{7AEAA9DD-DE97-472A-A1E3-D5FCAB03B2D7}.Release|Any CPU.ActiveCfg = Release|Any CPU
		{7AEAA9DD-DE97-472A-A1E3-D5FCAB03B2D7}.Release|Any CPU.Build.0 = Release|Any CPU
		{C6C5F20A-2148-4622-A654-36E0DAA22467}.Debug|Any CPU.ActiveCfg = Debug|Any CPU
		{C6C5F20A-2148-4622-A654-36E0DAA22467}.Debug|Any CPU.Build.0 = Debug|Any CPU
		{C6C5F20A-2148-4622-A654-36E0DAA22467}.Release|Any CPU.ActiveCfg = Release|Any CPU
		{C6C5F20A-2148-4622-A654-36E0DAA22467}.Release|Any CPU.Build.0 = Release|Any CPU
		{8E05BA8F-5293-4BBB-98CB-2E014F63C722}.Debug|Any CPU.ActiveCfg = Debug|Any CPU
		{8E05BA8F-5293-4BBB-98CB-2E014F63C722}.Debug|Any CPU.Build.0 = Debug|Any CPU
		{8E05BA8F-5293-4BBB-98CB-2E014F63C722}.Release|Any CPU.ActiveCfg = Release|Any CPU
		{8E05BA8F-5293-4BBB-98CB-2E014F63C722}.Release|Any CPU.Build.0 = Release|Any CPU
		{D4D81F0A-6B02-410D-BE40-ADD8A76314AA}.Debug|Any CPU.ActiveCfg = Debug|Any CPU
		{D4D81F0A-6B02-410D-BE40-ADD8A76314AA}.Debug|Any CPU.Build.0 = Debug|Any CPU
		{D4D81F0A-6B02-410D-BE40-ADD8A76314AA}.Release|Any CPU.ActiveCfg = Release|Any CPU
		{D4D81F0A-6B02-410D-BE40-ADD8A76314AA}.Release|Any CPU.Build.0 = Release|Any CPU
		{2E5B6FF7-ECE1-48B8-B138-65C2A76C760C}.Debug|Any CPU.ActiveCfg = Debug|Any CPU
		{2E5B6FF7-ECE1-48B8-B138-65C2A76C760C}.Debug|Any CPU.Build.0 = Debug|Any CPU
		{2E5B6FF7-ECE1-48B8-B138-65C2A76C760C}.Release|Any CPU.ActiveCfg = Release|Any CPU
		{2E5B6FF7-ECE1-48B8-B138-65C2A76C760C}.Release|Any CPU.Build.0 = Release|Any CPU
		{BA4CBAE3-9C17-445C-A043-4EAC0EE6F627}.Debug|Any CPU.ActiveCfg = Debug|Any CPU
		{BA4CBAE3-9C17-445C-A043-4EAC0EE6F627}.Debug|Any CPU.Build.0 = Debug|Any CPU
		{BA4CBAE3-9C17-445C-A043-4EAC0EE6F627}.Release|Any CPU.ActiveCfg = Release|Any CPU
		{BA4CBAE3-9C17-445C-A043-4EAC0EE6F627}.Release|Any CPU.Build.0 = Release|Any CPU
		{E518C489-A14F-4216-BB9B-51D04CBB3030}.Debug|Any CPU.ActiveCfg = Debug|Any CPU
		{E518C489-A14F-4216-BB9B-51D04CBB3030}.Debug|Any CPU.Build.0 = Debug|Any CPU
		{E518C489-A14F-4216-BB9B-51D04CBB3030}.Release|Any CPU.ActiveCfg = Release|Any CPU
		{E518C489-A14F-4216-BB9B-51D04CBB3030}.Release|Any CPU.Build.0 = Release|Any CPU
		{AC95E40B-27EA-4CAA-83A5-CB1EC3193598}.Debug|Any CPU.ActiveCfg = Debug|Any CPU
		{AC95E40B-27EA-4CAA-83A5-CB1EC3193598}.Debug|Any CPU.Build.0 = Debug|Any CPU
		{AC95E40B-27EA-4CAA-83A5-CB1EC3193598}.Release|Any CPU.ActiveCfg = Release|Any CPU
		{AC95E40B-27EA-4CAA-83A5-CB1EC3193598}.Release|Any CPU.Build.0 = Release|Any CPU
		{5D725C6C-D152-4EF4-8BEB-331CDC79CD05}.Debug|Any CPU.ActiveCfg = Debug|Any CPU
		{5D725C6C-D152-4EF4-8BEB-331CDC79CD05}.Debug|Any CPU.Build.0 = Debug|Any CPU
		{5D725C6C-D152-4EF4-8BEB-331CDC79CD05}.Release|Any CPU.ActiveCfg = Release|Any CPU
		{5D725C6C-D152-4EF4-8BEB-331CDC79CD05}.Release|Any CPU.Build.0 = Release|Any CPU
		{06F997C4-AE40-48C9-AC3C-8C4DE406C564}.Debug|Any CPU.ActiveCfg = Debug|Any CPU
		{06F997C4-AE40-48C9-AC3C-8C4DE406C564}.Debug|Any CPU.Build.0 = Debug|Any CPU
		{06F997C4-AE40-48C9-AC3C-8C4DE406C564}.Release|Any CPU.ActiveCfg = Release|Any CPU
		{06F997C4-AE40-48C9-AC3C-8C4DE406C564}.Release|Any CPU.Build.0 = Release|Any CPU
		{B6C34E54-DD3A-48D2-AA0C-9D11E66FDE5E}.Debug|Any CPU.ActiveCfg = Debug|Any CPU
		{B6C34E54-DD3A-48D2-AA0C-9D11E66FDE5E}.Debug|Any CPU.Build.0 = Debug|Any CPU
		{B6C34E54-DD3A-48D2-AA0C-9D11E66FDE5E}.Release|Any CPU.ActiveCfg = Release|Any CPU
		{B6C34E54-DD3A-48D2-AA0C-9D11E66FDE5E}.Release|Any CPU.Build.0 = Release|Any CPU
		{B769373C-3D48-41F1-AA96-E949152AC5D8}.Debug|Any CPU.ActiveCfg = Debug|Any CPU
		{B769373C-3D48-41F1-AA96-E949152AC5D8}.Debug|Any CPU.Build.0 = Debug|Any CPU
		{B769373C-3D48-41F1-AA96-E949152AC5D8}.Release|Any CPU.ActiveCfg = Release|Any CPU
		{B769373C-3D48-41F1-AA96-E949152AC5D8}.Release|Any CPU.Build.0 = Release|Any CPU
		{D13589BE-1046-4F0A-AF63-D99E1DF50CD0}.Debug|Any CPU.ActiveCfg = Debug|Any CPU
		{D13589BE-1046-4F0A-AF63-D99E1DF50CD0}.Debug|Any CPU.Build.0 = Debug|Any CPU
		{D13589BE-1046-4F0A-AF63-D99E1DF50CD0}.Release|Any CPU.ActiveCfg = Release|Any CPU
		{D13589BE-1046-4F0A-AF63-D99E1DF50CD0}.Release|Any CPU.Build.0 = Release|Any CPU
		{305FC81A-7060-4882-93A0-DB1D563D966A}.Debug|Any CPU.ActiveCfg = Debug|Any CPU
		{305FC81A-7060-4882-93A0-DB1D563D966A}.Debug|Any CPU.Build.0 = Debug|Any CPU
		{305FC81A-7060-4882-93A0-DB1D563D966A}.Release|Any CPU.ActiveCfg = Release|Any CPU
		{305FC81A-7060-4882-93A0-DB1D563D966A}.Release|Any CPU.Build.0 = Release|Any CPU
		{AA9FF65F-2264-4241-AC1E-859DF3B2C865}.Debug|Any CPU.ActiveCfg = Debug|Any CPU
		{AA9FF65F-2264-4241-AC1E-859DF3B2C865}.Debug|Any CPU.Build.0 = Debug|Any CPU
		{AA9FF65F-2264-4241-AC1E-859DF3B2C865}.Release|Any CPU.ActiveCfg = Release|Any CPU
		{AA9FF65F-2264-4241-AC1E-859DF3B2C865}.Release|Any CPU.Build.0 = Release|Any CPU
		{839A89E4-1580-4405-B520-75F7E921D0D7}.Debug|Any CPU.ActiveCfg = Debug|Any CPU
		{839A89E4-1580-4405-B520-75F7E921D0D7}.Debug|Any CPU.Build.0 = Debug|Any CPU
		{839A89E4-1580-4405-B520-75F7E921D0D7}.Release|Any CPU.ActiveCfg = Release|Any CPU
		{839A89E4-1580-4405-B520-75F7E921D0D7}.Release|Any CPU.Build.0 = Release|Any CPU
		{ACDB0D40-734B-4162-8264-3E78799BEEBD}.Debug|Any CPU.ActiveCfg = Debug|Any CPU
		{ACDB0D40-734B-4162-8264-3E78799BEEBD}.Debug|Any CPU.Build.0 = Debug|Any CPU
		{ACDB0D40-734B-4162-8264-3E78799BEEBD}.Release|Any CPU.ActiveCfg = Release|Any CPU
		{ACDB0D40-734B-4162-8264-3E78799BEEBD}.Release|Any CPU.Build.0 = Release|Any CPU
		{13E3E8E4-44AC-4F85-A620-868091D20174}.Debug|Any CPU.ActiveCfg = Debug|Any CPU
		{13E3E8E4-44AC-4F85-A620-868091D20174}.Debug|Any CPU.Build.0 = Debug|Any CPU
		{13E3E8E4-44AC-4F85-A620-868091D20174}.Release|Any CPU.ActiveCfg = Release|Any CPU
		{13E3E8E4-44AC-4F85-A620-868091D20174}.Release|Any CPU.Build.0 = Release|Any CPU
		{C6935530-3D17-41E2-A7D6-C71711AFA729}.Debug|Any CPU.ActiveCfg = Debug|Any CPU
		{C6935530-3D17-41E2-A7D6-C71711AFA729}.Debug|Any CPU.Build.0 = Debug|Any CPU
		{C6935530-3D17-41E2-A7D6-C71711AFA729}.Release|Any CPU.ActiveCfg = Release|Any CPU
		{C6935530-3D17-41E2-A7D6-C71711AFA729}.Release|Any CPU.Build.0 = Release|Any CPU
		{B50621D7-E201-465F-86EA-6D6151DCCA50}.Debug|Any CPU.ActiveCfg = Debug|Any CPU
		{B50621D7-E201-465F-86EA-6D6151DCCA50}.Debug|Any CPU.Build.0 = Debug|Any CPU
		{B50621D7-E201-465F-86EA-6D6151DCCA50}.Release|Any CPU.ActiveCfg = Release|Any CPU
		{B50621D7-E201-465F-86EA-6D6151DCCA50}.Release|Any CPU.Build.0 = Release|Any CPU
		{D297DA91-499C-43DA-A6D4-CC757239F4C4}.Debug|Any CPU.ActiveCfg = Debug|Any CPU
		{D297DA91-499C-43DA-A6D4-CC757239F4C4}.Debug|Any CPU.Build.0 = Debug|Any CPU
		{D297DA91-499C-43DA-A6D4-CC757239F4C4}.Release|Any CPU.ActiveCfg = Release|Any CPU
		{D297DA91-499C-43DA-A6D4-CC757239F4C4}.Release|Any CPU.Build.0 = Release|Any CPU
		{F4749F9F-8BFD-4AA8-9552-085F6039F3DE}.Debug|Any CPU.ActiveCfg = Debug|Any CPU
		{F4749F9F-8BFD-4AA8-9552-085F6039F3DE}.Debug|Any CPU.Build.0 = Debug|Any CPU
		{F4749F9F-8BFD-4AA8-9552-085F6039F3DE}.Release|Any CPU.ActiveCfg = Release|Any CPU
		{F4749F9F-8BFD-4AA8-9552-085F6039F3DE}.Release|Any CPU.Build.0 = Release|Any CPU
		{696DE67E-BBBC-4BB3-AEB3-41EE631EBD2C}.Debug|Any CPU.ActiveCfg = Debug|Any CPU
		{696DE67E-BBBC-4BB3-AEB3-41EE631EBD2C}.Debug|Any CPU.Build.0 = Debug|Any CPU
		{696DE67E-BBBC-4BB3-AEB3-41EE631EBD2C}.Release|Any CPU.ActiveCfg = Release|Any CPU
		{696DE67E-BBBC-4BB3-AEB3-41EE631EBD2C}.Release|Any CPU.Build.0 = Release|Any CPU
		{8DE76CB7-107F-4E02-ABEE-4E61C499E117}.Debug|Any CPU.ActiveCfg = Debug|Any CPU
		{8DE76CB7-107F-4E02-ABEE-4E61C499E117}.Debug|Any CPU.Build.0 = Debug|Any CPU
		{8DE76CB7-107F-4E02-ABEE-4E61C499E117}.Release|Any CPU.ActiveCfg = Release|Any CPU
		{8DE76CB7-107F-4E02-ABEE-4E61C499E117}.Release|Any CPU.Build.0 = Release|Any CPU
		{1C8AF6CE-E553-445C-8D21-0E87F54C9393}.Debug|Any CPU.ActiveCfg = Debug|Any CPU
		{1C8AF6CE-E553-445C-8D21-0E87F54C9393}.Debug|Any CPU.Build.0 = Debug|Any CPU
		{1C8AF6CE-E553-445C-8D21-0E87F54C9393}.Release|Any CPU.ActiveCfg = Release|Any CPU
		{1C8AF6CE-E553-445C-8D21-0E87F54C9393}.Release|Any CPU.Build.0 = Release|Any CPU
		{8DC0841C-7742-46C0-AE99-C40721E41C3A}.Debug|Any CPU.ActiveCfg = Debug|Any CPU
		{8DC0841C-7742-46C0-AE99-C40721E41C3A}.Debug|Any CPU.Build.0 = Debug|Any CPU
		{8DC0841C-7742-46C0-AE99-C40721E41C3A}.Release|Any CPU.ActiveCfg = Release|Any CPU
		{8DC0841C-7742-46C0-AE99-C40721E41C3A}.Release|Any CPU.Build.0 = Release|Any CPU
		{C7DD17C3-59CE-42DA-B6AC-1B7EB1FE8822}.Debug|Any CPU.ActiveCfg = Debug|Any CPU
		{C7DD17C3-59CE-42DA-B6AC-1B7EB1FE8822}.Debug|Any CPU.Build.0 = Debug|Any CPU
		{C7DD17C3-59CE-42DA-B6AC-1B7EB1FE8822}.Release|Any CPU.ActiveCfg = Release|Any CPU
		{C7DD17C3-59CE-42DA-B6AC-1B7EB1FE8822}.Release|Any CPU.Build.0 = Release|Any CPU
		{FA7D37DE-B6E1-4897-BFF9-84F188ECA603}.Debug|Any CPU.ActiveCfg = Debug|Any CPU
		{FA7D37DE-B6E1-4897-BFF9-84F188ECA603}.Debug|Any CPU.Build.0 = Debug|Any CPU
		{FA7D37DE-B6E1-4897-BFF9-84F188ECA603}.Release|Any CPU.ActiveCfg = Release|Any CPU
		{FA7D37DE-B6E1-4897-BFF9-84F188ECA603}.Release|Any CPU.Build.0 = Release|Any CPU
		{83C62979-27F5-491D-84A9-FC02BE259ED1}.Debug|Any CPU.ActiveCfg = Debug|Any CPU
		{83C62979-27F5-491D-84A9-FC02BE259ED1}.Debug|Any CPU.Build.0 = Debug|Any CPU
		{83C62979-27F5-491D-84A9-FC02BE259ED1}.Release|Any CPU.ActiveCfg = Release|Any CPU
		{83C62979-27F5-491D-84A9-FC02BE259ED1}.Release|Any CPU.Build.0 = Release|Any CPU
		{CBC55857-EDF4-4210-98D0-FC27D25019D5}.Debug|Any CPU.ActiveCfg = Debug|Any CPU
		{CBC55857-EDF4-4210-98D0-FC27D25019D5}.Debug|Any CPU.Build.0 = Debug|Any CPU
		{CBC55857-EDF4-4210-98D0-FC27D25019D5}.Release|Any CPU.ActiveCfg = Release|Any CPU
		{CBC55857-EDF4-4210-98D0-FC27D25019D5}.Release|Any CPU.Build.0 = Release|Any CPU
		{13CCCA05-4194-4781-B484-6A0C08F5662E}.Debug|Any CPU.ActiveCfg = Debug|Any CPU
		{13CCCA05-4194-4781-B484-6A0C08F5662E}.Debug|Any CPU.Build.0 = Debug|Any CPU
		{13CCCA05-4194-4781-B484-6A0C08F5662E}.Release|Any CPU.ActiveCfg = Release|Any CPU
		{13CCCA05-4194-4781-B484-6A0C08F5662E}.Release|Any CPU.Build.0 = Release|Any CPU
		{653824AA-72CC-4D16-82D7-AB04317B0C54}.Debug|Any CPU.ActiveCfg = Debug|Any CPU
		{653824AA-72CC-4D16-82D7-AB04317B0C54}.Debug|Any CPU.Build.0 = Debug|Any CPU
		{653824AA-72CC-4D16-82D7-AB04317B0C54}.Release|Any CPU.ActiveCfg = Release|Any CPU
		{653824AA-72CC-4D16-82D7-AB04317B0C54}.Release|Any CPU.Build.0 = Release|Any CPU
		{105AAD64-6810-497A-8632-47C28F77B227}.Debug|Any CPU.ActiveCfg = Debug|Any CPU
		{105AAD64-6810-497A-8632-47C28F77B227}.Debug|Any CPU.Build.0 = Debug|Any CPU
		{105AAD64-6810-497A-8632-47C28F77B227}.Release|Any CPU.ActiveCfg = Release|Any CPU
		{105AAD64-6810-497A-8632-47C28F77B227}.Release|Any CPU.Build.0 = Release|Any CPU
	EndGlobalSection
	GlobalSection(SolutionProperties) = preSolution
		HideSolutionNode = FALSE
	EndGlobalSection
	GlobalSection(ExtensibilityGlobals) = postSolution
		SolutionGuid = {84723C84-CA57-4C15-B5E3-D5DDF954A95D}
	EndGlobalSection
EndGlobal
